
Microsoft Visual Studio Solution File, Format Version 12.00
# Visual Studio Version 17
VisualStudioVersion = 17.14.36327.8
MinimumVisualStudioVersion = 10.0.40219.1
Project("{FAE04EC0-301F-11D3-BF4B-00C04F79EFBC}") = "Matieu", "Matieu\Matieu.csproj", "{9923080C-6294-4059-B0BF-F03DBFCFC0A8}"
EndProject
Project("{FAE04EC0-301F-11D3-BF4B-00C04F79EFBC}") = "Matieu.Tests", "Matieu.Tests\Matieu.Tests.csproj", "{851BD0CF-7D84-4848-8ADA-05E1DFA8FA61}"
EndProject
Global
	GlobalSection(SolutionConfigurationPlatforms) = preSolution
		Debug|Any CPU = Debug|Any CPU
		Debug|x64 = Debug|x64
		Debug|x86 = Debug|x86
		Release|Any CPU = Release|Any CPU
		Release|x64 = Release|x64
		Release|x86 = Release|x86
	EndGlobalSection
	GlobalSection(ProjectConfigurationPlatforms) = postSolution
		{9923080C-6294-4059-B0BF-F03DBFCFC0A8}.Debug|Any CPU.ActiveCfg = Debug|Any CPU
		{9923080C-6294-4059-B0BF-F03DBFCFC0A8}.Debug|Any CPU.Build.0 = Debug|Any CPU
		{9923080C-6294-4059-B0BF-F03DBFCFC0A8}.Debug|x64.ActiveCfg = Debug|Any CPU
		{9923080C-6294-4059-B0BF-F03DBFCFC0A8}.Debug|x64.Build.0 = Debug|Any CPU
		{9923080C-6294-4059-B0BF-F03DBFCFC0A8}.Debug|x86.ActiveCfg = Debug|Any CPU
		{9923080C-6294-4059-B0BF-F03DBFCFC0A8}.Debug|x86.Build.0 = Debug|Any CPU
		{9923080C-6294-4059-B0BF-F03DBFCFC0A8}.Release|Any CPU.ActiveCfg = Release|Any CPU
		{9923080C-6294-4059-B0BF-F03DBFCFC0A8}.Release|Any CPU.Build.0 = Release|Any CPU
		{9923080C-6294-4059-B0BF-F03DBFCFC0A8}.Release|x64.ActiveCfg = Release|Any CPU
		{9923080C-6294-4059-B0BF-F03DBFCFC0A8}.Release|x64.Build.0 = Release|Any CPU
		{9923080C-6294-4059-B0BF-F03DBFCFC0A8}.Release|x86.ActiveCfg = Release|Any CPU
		{9923080C-6294-4059-B0BF-F03DBFCFC0A8}.Release|x86.Build.0 = Release|Any CPU
		{851BD0CF-7D84-4848-8ADA-05E1DFA8FA61}.Debug|Any CPU.ActiveCfg = Debug|Any CPU
		{851BD0CF-7D84-4848-8ADA-05E1DFA8FA61}.Debug|Any CPU.Build.0 = Debug|Any CPU
		{851BD0CF-7D84-4848-8ADA-05E1DFA8FA61}.Debug|x64.ActiveCfg = Debug|Any CPU
		{851BD0CF-7D84-4848-8ADA-05E1DFA8FA61}.Debug|x64.Build.0 = Debug|Any CPU
		{851BD0CF-7D84-4848-8ADA-05E1DFA8FA61}.Debug|x86.ActiveCfg = Debug|Any CPU
		{851BD0CF-7D84-4848-8ADA-05E1DFA8FA61}.Debug|x86.Build.0 = Debug|Any CPU
		{851BD0CF-7D84-4848-8ADA-05E1DFA8FA61}.Release|Any CPU.ActiveCfg = Release|Any CPU
		{851BD0CF-7D84-4848-8ADA-05E1DFA8FA61}.Release|Any CPU.Build.0 = Release|Any CPU
		{851BD0CF-7D84-4848-8ADA-05E1DFA8FA61}.Release|x64.ActiveCfg = Release|Any CPU
		{851BD0CF-7D84-4848-8ADA-05E1DFA8FA61}.Release|x64.Build.0 = Release|Any CPU
		{851BD0CF-7D84-4848-8ADA-05E1DFA8FA61}.Release|x86.ActiveCfg = Release|Any CPU
		{851BD0CF-7D84-4848-8ADA-05E1DFA8FA61}.Release|x86.Build.0 = Release|Any CPU
	EndGlobalSection
	GlobalSection(SolutionProperties) = preSolution
		HideSolutionNode = FALSE
	EndGlobalSection
	GlobalSection(ExtensibilityGlobals) = postSolution
		SolutionGuid = {E1871354-1F15-444B-866D-6EB5655FC1D4}
	EndGlobalSection
EndGlobal
